
Microsoft Visual Studio Solution File, Format Version 12.00
# Visual Studio Version 17
VisualStudioVersion = 17.5.33502.453
MinimumVisualStudioVersion = 10.0.40219.1
Project("{9A19103F-16F7-4668-BE54-9A1E7A4F7556}") = "api-doc-mongodb", "api-doc-mongodb\api-doc-mongodb.csproj", "{36922CE2-210B-4AA5-9BF0-B10B72D678A6}"
EndProject
Project("{E53339B2-1760-4266-BCC7-CA923CBCF16C}") = "docker-compose", "docker-compose.dcproj", "{47FDC13D-1B6F-4C59-846D-91FC838842B2}"
EndProject
Project("{9A19103F-16F7-4668-BE54-9A1E7A4F7556}") = "api-doc-mongodb.infraestructure", "api-doc-mongodb.infraestructure\api-doc-mongodb.infraestructure.csproj", "{E931C58C-E1EE-41B5-B11B-D686958A1BF2}"
EndProject
Project("{9A19103F-16F7-4668-BE54-9A1E7A4F7556}") = "api-doc-mongodb.domain", "api-doc-mongodb.domain\api-doc-mongodb.domain.csproj", "{D66BFBFD-4916-46E3-A749-67E6BA8888BF}"
EndProject
Project("{9A19103F-16F7-4668-BE54-9A1E7A4F7556}") = "api-doc-mongodb.ioc", "api-doc-mongodb.ioc\api-doc-mongodb.ioc.csproj", "{E4B2B0EB-2134-4293-A524-2224BC7D3421}"
EndProject
Project("{9A19103F-16F7-4668-BE54-9A1E7A4F7556}") = "api-doc-mongodb.application", "api-doc-mongodb.application\api-doc-mongodb.application.csproj", "{E514339F-6507-4873-8E9D-BB80552AA310}"
EndProject
Project("{9A19103F-16F7-4668-BE54-9A1E7A4F7556}") = "api-doc-mongodb.utility", "..\api-doc-mongodb.utility\api-doc-mongodb.utility.csproj", "{1C4FA7C0-CB57-4EAE-A7C3-F7B2A09D53F0}"
EndProject
Project("{FAE04EC0-301F-11D3-BF4B-00C04F79EFBC}") = "api-doc-mongodb.test", "..\api-doc-mongodb.test\api-doc-mongodb.test.csproj", "{C5F5D219-C84C-494D-B0A3-DBF1D7A8B32E}"
EndProject
Global
	GlobalSection(SolutionConfigurationPlatforms) = preSolution
		Debug|Any CPU = Debug|Any CPU
		Release|Any CPU = Release|Any CPU
	EndGlobalSection
	GlobalSection(ProjectConfigurationPlatforms) = postSolution
		{36922CE2-210B-4AA5-9BF0-B10B72D678A6}.Debug|Any CPU.ActiveCfg = Debug|Any CPU
		{36922CE2-210B-4AA5-9BF0-B10B72D678A6}.Debug|Any CPU.Build.0 = Debug|Any CPU
		{36922CE2-210B-4AA5-9BF0-B10B72D678A6}.Release|Any CPU.ActiveCfg = Release|Any CPU
		{36922CE2-210B-4AA5-9BF0-B10B72D678A6}.Release|Any CPU.Build.0 = Release|Any CPU
		{47FDC13D-1B6F-4C59-846D-91FC838842B2}.Debug|Any CPU.ActiveCfg = Debug|Any CPU
		{47FDC13D-1B6F-4C59-846D-91FC838842B2}.Debug|Any CPU.Build.0 = Debug|Any CPU
		{47FDC13D-1B6F-4C59-846D-91FC838842B2}.Release|Any CPU.ActiveCfg = Release|Any CPU
		{47FDC13D-1B6F-4C59-846D-91FC838842B2}.Release|Any CPU.Build.0 = Release|Any CPU
		{E931C58C-E1EE-41B5-B11B-D686958A1BF2}.Debug|Any CPU.ActiveCfg = Debug|Any CPU
		{E931C58C-E1EE-41B5-B11B-D686958A1BF2}.Debug|Any CPU.Build.0 = Debug|Any CPU
		{E931C58C-E1EE-41B5-B11B-D686958A1BF2}.Release|Any CPU.ActiveCfg = Release|Any CPU
		{E931C58C-E1EE-41B5-B11B-D686958A1BF2}.Release|Any CPU.Build.0 = Release|Any CPU
		{D66BFBFD-4916-46E3-A749-67E6BA8888BF}.Debug|Any CPU.ActiveCfg = Debug|Any CPU
		{D66BFBFD-4916-46E3-A749-67E6BA8888BF}.Debug|Any CPU.Build.0 = Debug|Any CPU
		{D66BFBFD-4916-46E3-A749-67E6BA8888BF}.Release|Any CPU.ActiveCfg = Release|Any CPU
		{D66BFBFD-4916-46E3-A749-67E6BA8888BF}.Release|Any CPU.Build.0 = Release|Any CPU
		{E4B2B0EB-2134-4293-A524-2224BC7D3421}.Debug|Any CPU.ActiveCfg = Debug|Any CPU
		{E4B2B0EB-2134-4293-A524-2224BC7D3421}.Debug|Any CPU.Build.0 = Debug|Any CPU
		{E4B2B0EB-2134-4293-A524-2224BC7D3421}.Release|Any CPU.ActiveCfg = Release|Any CPU
		{E4B2B0EB-2134-4293-A524-2224BC7D3421}.Release|Any CPU.Build.0 = Release|Any CPU
		{E514339F-6507-4873-8E9D-BB80552AA310}.Debug|Any CPU.ActiveCfg = Debug|Any CPU
		{E514339F-6507-4873-8E9D-BB80552AA310}.Debug|Any CPU.Build.0 = Debug|Any CPU
		{E514339F-6507-4873-8E9D-BB80552AA310}.Release|Any CPU.ActiveCfg = Release|Any CPU
		{E514339F-6507-4873-8E9D-BB80552AA310}.Release|Any CPU.Build.0 = Release|Any CPU
		{1C4FA7C0-CB57-4EAE-A7C3-F7B2A09D53F0}.Debug|Any CPU.ActiveCfg = Debug|Any CPU
		{1C4FA7C0-CB57-4EAE-A7C3-F7B2A09D53F0}.Debug|Any CPU.Build.0 = Debug|Any CPU
		{1C4FA7C0-CB57-4EAE-A7C3-F7B2A09D53F0}.Release|Any CPU.ActiveCfg = Release|Any CPU
		{1C4FA7C0-CB57-4EAE-A7C3-F7B2A09D53F0}.Release|Any CPU.Build.0 = Release|Any CPU
		{C5F5D219-C84C-494D-B0A3-DBF1D7A8B32E}.Debug|Any CPU.ActiveCfg = Debug|Any CPU
		{C5F5D219-C84C-494D-B0A3-DBF1D7A8B32E}.Debug|Any CPU.Build.0 = Debug|Any CPU
		{C5F5D219-C84C-494D-B0A3-DBF1D7A8B32E}.Release|Any CPU.ActiveCfg = Release|Any CPU
		{C5F5D219-C84C-494D-B0A3-DBF1D7A8B32E}.Release|Any CPU.Build.0 = Release|Any CPU
	EndGlobalSection
	GlobalSection(SolutionProperties) = preSolution
		HideSolutionNode = FALSE
	EndGlobalSection
	GlobalSection(ExtensibilityGlobals) = postSolution
		SolutionGuid = {F6674D08-88D3-456A-A9C6-7E5E811B56E4}
	EndGlobalSection
EndGlobal
